PODS:
  - JSONModel (1.7.0)
  - MWFeedParser (1.0.1):
    - MWFeedParser/FeedParser (= 1.0.1)
    - MWFeedParser/NSDate+InternetDateTime (= 1.0.1)
    - MWFeedParser/NSString+HTML (= 1.0.1)
  - MWFeedParser/FeedParser (1.0.1):
    - MWFeedParser/NSDate+InternetDateTime
    - MWFeedParser/NSString+HTML
  - MWFeedParser/NSDate+InternetDateTime (1.0.1)
  - MWFeedParser/NSString+HTML (1.0.1)
  - SVProgressHUD (2.1.2)

DEPENDENCIES:
  - JSONModel
  - MWFeedParser
  - SVProgressHUD

SPEC CHECKSUMS:
  JSONModel: 840bc0fcffb24b8454d2c026bf26fea454b8e98d
  MWFeedParser: 2cf646014c1baf6ad1b08c480b40a08180079247
  SVProgressHUD: c404a55d78acbeb7ebb78b76d3faf986475a6994

PODFILE CHECKSUM: f319cfafdd7adf34c0822505c7bb89b9d6131dec

COCOAPODS: 1.2.1
