// !$*UTF8*$!
{
	archiveVersion = 1;
	classes = {
	};
	objectVersion = 46;
	objects = {

/* Begin PBXBuildFile section */
		8BEB6A71680FBD1FA6807C7E /* libPods-BackgroundWithNetworking.a in Frameworks */ = {isa = PBXBuildFile; fileRef = 22F7BFB48659C0B7A7B67850 /* libPods-BackgroundWithNetworking.a */; };
		A5366B011C586DD30045559A /* main.m in Sources */ = {isa = PBXBuildFile; fileRef = A5366B001C586DD30045559A /* main.m */; };
		A5366B041C586DD30045559A /* AppDelegate.m in Sources */ = {isa = PBXBuildFile; fileRef = A5366B031C586DD30045559A /* AppDelegate.m */; };
		A5366B071C586DD30045559A /* ViewController.m in Sources */ = {isa = PBXBuildFile; fileRef = A5366B061C586DD30045559A /* ViewController.m */; };
		A5366B0A1C586DD30045559A /* Main.storyboard in Resources */ = {isa = PBXBuildFile; fileRef = A5366B081C586DD30045559A /* Main.storyboard */; };
		A5366B0C1C586DD30045559A /* Assets.xcassets in Resources */ = {isa = PBXBuildFile; fileRef = A5366B0B1C586DD30045559A /* Assets.xcassets */; };
		A5366B0F1C586DD30045559A /* LaunchScreen.storyboard in Resources */ = {isa = PBXBuildFile; fileRef = A5366B0D1C586DD30045559A /* LaunchScreen.storyboard */; };
		A5366B151C586DE60045559A /* AVFoundation.framework in Frameworks */ = {isa = PBXBuildFile; fileRef = A5366B141C586DE60045559A /* AVFoundation.framework */; };
		A540ACC41C4777BB00E5ACDD /* BNResumeViewController.m in Sources */ = {isa = PBXBuildFile; fileRef = A540ACC31C4777BB00E5ACDD /* BNResumeViewController.m */; };
		A540ACC71C4798B800E5ACDD /* MTSearchViewController.m in Sources */ = {isa = PBXBuildFile; fileRef = A540ACC61C4798B800E5ACDD /* MTSearchViewController.m */; };
		A540ACCA1C488BB600E5ACDD /* MTViewController.m in Sources */ = {isa = PBXBuildFile; fileRef = A540ACC91C488BB600E5ACDD /* MTViewController.m */; };
		A540ACCE1C489B8400E5ACDD /* MyEpisodeTableViewCell.m in Sources */ = {isa = PBXBuildFile; fileRef = A540ACCC1C489B8400E5ACDD /* MyEpisodeTableViewCell.m */; };
		A540ACCF1C489B8400E5ACDD /* MyEpisodeTableViewCell.xib in Resources */ = {isa = PBXBuildFile; fileRef = A540ACCD1C489B8400E5ACDD /* MyEpisodeTableViewCell.xib */; };
		A553DE381C926D3A00B1A766 /* File.rtf in Resources */ = {isa = PBXBuildFile; fileRef = A553DE371C926D3A00B1A766 /* File.rtf */; };
		A553DE3A1C927FD500B1A766 /* File.txt in Resources */ = {isa = PBXBuildFile; fileRef = A553DE391C927FD500B1A766 /* File.txt */; };
		A553DE431C97BE6400B1A766 /* main.m in Sources */ = {isa = PBXBuildFile; fileRef = A553DE421C97BE6400B1A766 /* main.m */; };
		A553DE461C97BE6400B1A766 /* AppDelegate.m in Sources */ = {isa = PBXBuildFile; fileRef = A553DE451C97BE6400B1A766 /* AppDelegate.m */; };
		A553DE491C97BE6400B1A766 /* RootViewController.m in Sources */ = {isa = PBXBuildFile; fileRef = A553DE481C97BE6400B1A766 /* RootViewController.m */; };
		A553DE4C1C97BE6400B1A766 /* DataViewController.m in Sources */ = {isa = PBXBuildFile; fileRef = A553DE4B1C97BE6400B1A766 /* DataViewController.m */; };
		A553DE4F1C97BE6400B1A766 /* ModelController.m in Sources */ = {isa = PBXBuildFile; fileRef = A553DE4E1C97BE6400B1A766 /* ModelController.m */; };
		A553DE521C97BE6400B1A766 /* Main.storyboard in Resources */ = {isa = PBXBuildFile; fileRef = A553DE501C97BE6400B1A766 /* Main.storyboard */; };
		A553DE541C97BE6400B1A766 /* Assets.xcassets in Resources */ = {isa = PBXBuildFile; fileRef = A553DE531C97BE6400B1A766 /* Assets.xcassets */; };
		A553DE571C97BE6400B1A766 /* LaunchScreen.storyboard in Resources */ = {isa = PBXBuildFile; fileRef = A553DE551C97BE6400B1A766 /* LaunchScreen.storyboard */; };
		A5549DAB1C005A740094F4CA /* CoreText.framework in Frameworks */ = {isa = PBXBuildFile; fileRef = A5549DAA1C005A740094F4CA /* CoreText.framework */; };
		A5549DB01C005F0F0094F4CA /* MarkupParser.m in Sources */ = {isa = PBXBuildFile; fileRef = A5549DAF1C005F0F0094F4CA /* MarkupParser.m */; };
		A5549DB21C0068900094F4CA /* test.txt in Resources */ = {isa = PBXBuildFile; fileRef = A5549DB11C0068900094F4CA /* test.txt */; };
		A5549DB81C0086470094F4CA /* KSCTView.m in Sources */ = {isa = PBXBuildFile; fileRef = A5549DB71C0086470094F4CA /* KSCTView.m */; };
		A5549DBB1C008B5D0094F4CA /* KSCTColumnView.m in Sources */ = {isa = PBXBuildFile; fileRef = A5549DBA1C008B5D0094F4CA /* KSCTColumnView.m */; };
		A5549DBF1C0306860094F4CA /* BlueSky.png in Resources */ = {isa = PBXBuildFile; fileRef = A5549DBC1C0306860094F4CA /* BlueSky.png */; };
		A5549DC01C0306860094F4CA /* Mouse.png in Resources */ = {isa = PBXBuildFile; fileRef = A5549DBD1C0306860094F4CA /* Mouse.png */; };
		A5549DC11C0306860094F4CA /* SimleFace.png in Resources */ = {isa = PBXBuildFile; fileRef = A5549DBE1C0306860094F4CA /* SimleFace.png */; };
		A57A5E851C056463006EFD85 /* main.m in Sources */ = {isa = PBXBuildFile; fileRef = A57A5E841C056463006EFD85 /* main.m */; };
		A57A5E881C056463006EFD85 /* AppDelegate.m in Sources */ = {isa = PBXBuildFile; fileRef = A57A5E871C056463006EFD85 /* AppDelegate.m */; };
		A57A5E8B1C056463006EFD85 /* ViewController.m in Sources */ = {isa = PBXBuildFile; fileRef = A57A5E8A1C056463006EFD85 /* ViewController.m */; };
		A57A5E8E1C056463006EFD85 /* Main.storyboard in Resources */ = {isa = PBXBuildFile; fileRef = A57A5E8C1C056463006EFD85 /* Main.storyboard */; };
		A57A5E901C056463006EFD85 /* Assets.xcassets in Resources */ = {isa = PBXBuildFile; fileRef = A57A5E8F1C056463006EFD85 /* Assets.xcassets */; };
		A57A5E931C056463006EFD85 /* LaunchScreen.storyboard in Resources */ = {isa = PBXBuildFile; fileRef = A57A5E911C056463006EFD85 /* LaunchScreen.storyboard */; };
		A58674D51C328F6300C82358 /* main.m in Sources */ = {isa = PBXBuildFile; fileRef = A58674D41C328F6300C82358 /* main.m */; };
		A58674D81C328F6300C82358 /* AppDelegate.m in Sources */ = {isa = PBXBuildFile; fileRef = A58674D71C328F6300C82358 /* AppDelegate.m */; };
		A58674DB1C328F6300C82358 /* ViewController.m in Sources */ = {isa = PBXBuildFile; fileRef = A58674DA1C328F6300C82358 /* ViewController.m */; };
		A58674DE1C328F6300C82358 /* Main.storyboard in Resources */ = {isa = PBXBuildFile; fileRef = A58674DC1C328F6300C82358 /* Main.storyboard */; };
		A58674E01C328F6300C82358 /* Assets.xcassets in Resources */ = {isa = PBXBuildFile; fileRef = A58674DF1C328F6300C82358 /* Assets.xcassets */; };
		A58674E31C328F6300C82358 /* LaunchScreen.storyboard in Resources */ = {isa = PBXBuildFile; fileRef = A58674E11C328F6300C82358 /* LaunchScreen.storyboard */; };
		A59E01471C8EBAAB007A1125 /* main.m in Sources */ = {isa = PBXBuildFile; fileRef = A59E01461C8EBAAB007A1125 /* main.m */; };
		A59E014A1C8EBAAB007A1125 /* AppDelegate.m in Sources */ = {isa = PBXBuildFile; fileRef = A59E01491C8EBAAB007A1125 /* AppDelegate.m */; };
		A59E014D1C8EBAAB007A1125 /* RootViewController.m in Sources */ = {isa = PBXBuildFile; fileRef = A59E014C1C8EBAAB007A1125 /* RootViewController.m */; };
		A59E01501C8EBAAB007A1125 /* DataViewController.m in Sources */ = {isa = PBXBuildFile; fileRef = A59E014F1C8EBAAB007A1125 /* DataViewController.m */; };
		A59E01531C8EBAAB007A1125 /* ModelController.m in Sources */ = {isa = PBXBuildFile; fileRef = A59E01521C8EBAAB007A1125 /* ModelController.m */; };
		A59E01561C8EBAAB007A1125 /* Main.storyboard in Resources */ = {isa = PBXBuildFile; fileRef = A59E01541C8EBAAB007A1125 /* Main.storyboard */; };
		A59E01581C8EBAAB007A1125 /* Assets.xcassets in Resources */ = {isa = PBXBuildFile; fileRef = A59E01571C8EBAAB007A1125 /* Assets.xcassets */; };
		A59E015B1C8EBAAB007A1125 /* LaunchScreen.storyboard in Resources */ = {isa = PBXBuildFile; fileRef = A59E01591C8EBAAB007A1125 /* LaunchScreen.storyboard */; };
		A5DA1D291C0055E700521A7E /* main.m in Sources */ = {isa = PBXBuildFile; fileRef = A5DA1D281C0055E700521A7E /* main.m */; };
		A5DA1D2C1C0055E700521A7E /* AppDelegate.m in Sources */ = {isa = PBXBuildFile; fileRef = A5DA1D2B1C0055E700521A7E /* AppDelegate.m */; };
		A5DA1D2F1C0055E700521A7E /* ViewController.m in Sources */ = {isa = PBXBuildFile; fileRef = A5DA1D2E1C0055E700521A7E /* ViewController.m */; };
		A5DA1D321C0055E700521A7E /* Main.storyboard in Resources */ = {isa = PBXBuildFile; fileRef = A5DA1D301C0055E700521A7E /* Main.storyboard */; };
		A5DA1D341C0055E700521A7E /* Assets.xcassets in Resources */ = {isa = PBXBuildFile; fileRef = A5DA1D331C0055E700521A7E /* Assets.xcassets */; };
		A5DA1D371C0055E700521A7E /* LaunchScreen.storyboard in Resources */ = {isa = PBXBuildFile; fileRef = A5DA1D351C0055E700521A7E /* LaunchScreen.storyboard */; };
		A5EDFEB61BC64F1E00376B71 /* main.m in Sources */ = {isa = PBXBuildFile; fileRef = A5EDFEB51BC64F1E00376B71 /* main.m */; };
		A5EDFEB91BC64F1E00376B71 /* AppDelegate.m in Sources */ = {isa = PBXBuildFile; fileRef = A5EDFEB81BC64F1E00376B71 /* AppDelegate.m */; };
		A5EDFEBC1BC64F1E00376B71 /* ViewController.m in Sources */ = {isa = PBXBuildFile; fileRef = A5EDFEBB1BC64F1E00376B71 /* ViewController.m */; };
		A5EDFEBF1BC64F1E00376B71 /* Main.storyboard in Resources */ = {isa = PBXBuildFile; fileRef = A5EDFEBD1BC64F1E00376B71 /* Main.storyboard */; };
		A5EDFEC11BC64F1E00376B71 /* Assets.xcassets in Resources */ = {isa = PBXBuildFile; fileRef = A5EDFEC01BC64F1E00376B71 /* Assets.xcassets */; };
		A5EDFEC41BC64F1E00376B71 /* LaunchScreen.storyboard in Resources */ = {isa = PBXBuildFile; fileRef = A5EDFEC21BC64F1E00376B71 /* LaunchScreen.storyboard */; };
		A5EDFED31BC64F6D00376B71 /* main.m in Sources */ = {isa = PBXBuildFile; fileRef = A5EDFED21BC64F6C00376B71 /* main.m */; };
		A5EDFED61BC64F6D00376B71 /* AppDelegate.m in Sources */ = {isa = PBXBuildFile; fileRef = A5EDFED51BC64F6D00376B71 /* AppDelegate.m */; };
		A5EDFED91BC64F6D00376B71 /* ViewController.m in Sources */ = {isa = PBXBuildFile; fileRef = A5EDFED81BC64F6D00376B71 /* ViewController.m */; };
		A5EDFEDC1BC64F6D00376B71 /* Main.storyboard in Resources */ = {isa = PBXBuildFile; fileRef = A5EDFEDA1BC64F6D00376B71 /* Main.storyboard */; };
		A5EDFEDE1BC64F6D00376B71 /* Assets.xcassets in Resources */ = {isa = PBXBuildFile; fileRef = A5EDFEDD1BC64F6D00376B71 /* Assets.xcassets */; };
		A5EDFEE11BC64F6D00376B71 /* LaunchScreen.storyboard in Resources */ = {isa = PBXBuildFile; fileRef = A5EDFEDF1BC64F6D00376B71 /* LaunchScreen.storyboard */; };
/* End PBXBuildFile section */

/* Begin PBXFileReference section */
		22F7BFB48659C0B7A7B67850 /* libPods-BackgroundWithNetworking.a */ = {isa = PBXFileReference; explicitFileType = archive.ar; includeInIndex = 0; path = "libPods-BackgroundWithNetworking.a"; sourceTree = BUILT_PRODUCTS_DIR; };
		473DAACB461C0B379D27985F /* Pods-BackgroundWithNetworking.release.xcconfig */ = {isa = PBXFileReference; includeInIndex = 1; lastKnownFileType = text.xcconfig; name = "Pods-BackgroundWithNetworking.release.xcconfig"; path = "Pods/Target Support Files/Pods-BackgroundWithNetworking/Pods-BackgroundWithNetworking.release.xcconfig"; sourceTree = "<group>"; };
		A5366AFD1C586DD30045559A /* Player.app */ = {isa = PBXFileReference; explicitFileType = wrapper.application; includeInIndex = 0; path = Player.app; sourceTree = BUILT_PRODUCTS_DIR; };
		A5366B001C586DD30045559A /* main.m */ = {isa = PBXFileReference; lastKnownFileType = sourcecode.c.objc; path = main.m; sourceTree = "<group>"; };
		A5366B021C586DD30045559A /* AppDelegate.h */ = {isa = PBXFileReference; lastKnownFileType = sourcecode.c.h; path = AppDelegate.h; sourceTree = "<group>"; };
		A5366B031C586DD30045559A /* AppDelegate.m */ = {isa = PBXFileReference; lastKnownFileType = sourcecode.c.objc; path = AppDelegate.m; sourceTree = "<group>"; };
		A5366B051C586DD30045559A /* ViewController.h */ = {isa = PBXFileReference; lastKnownFileType = sourcecode.c.h; path = ViewController.h; sourceTree = "<group>"; };
		A5366B061C586DD30045559A /* ViewController.m */ = {isa = PBXFileReference; lastKnownFileType = sourcecode.c.objc; path = ViewController.m; sourceTree = "<group>"; };
		A5366B091C586DD30045559A /* Base */ = {isa = PBXFileReference; lastKnownFileType = file.storyboard; name = Base; path = Base.lproj/Main.storyboard; sourceTree = "<group>"; };
		A5366B0B1C586DD30045559A /* Assets.xcassets */ = {isa = PBXFileReference; lastKnownFileType = folder.assetcatalog; path = Assets.xcassets; sourceTree = "<group>"; };
		A5366B0E1C586DD30045559A /* Base */ = {isa = PBXFileReference; lastKnownFileType = file.storyboard; name = Base; path = Base.lproj/LaunchScreen.storyboard; sourceTree = "<group>"; };
		A5366B101C586DD30045559A /* Info.plist */ = {isa = PBXFileReference; lastKnownFileType = text.plist.xml; path = Info.plist; sourceTree = "<group>"; };
		A5366B141C586DE60045559A /* AVFoundation.framework */ = {isa = PBXFileReference; lastKnownFileType = wrapper.framework; name = AVFoundation.framework; path = System/Library/Frameworks/AVFoundation.framework; sourceTree = SDKROOT; };
		A540ACC21C4777BB00E5ACDD /* BNResumeViewController.h */ = {isa = PBXFileReference; fileEncoding = 4; lastKnownFileType = sourcecode.c.h; path = BNResumeViewController.h; sourceTree = "<group>"; };
		A540ACC31C4777BB00E5ACDD /* BNResumeViewController.m */ = {isa = PBXFileReference; fileEncoding = 4; lastKnownFileType = sourcecode.c.objc; path = BNResumeViewController.m; sourceTree = "<group>"; };
		A540ACC51C4798B800E5ACDD /* MTSearchViewController.h */ = {isa = PBXFileReference; fileEncoding = 4; lastKnownFileType = sourcecode.c.h; path = MTSearchViewController.h; sourceTree = "<group>"; };
		A540ACC61C4798B800E5ACDD /* MTSearchViewController.m */ = {isa = PBXFileReference; fileEncoding = 4; lastKnownFileType = sourcecode.c.objc; path = MTSearchViewController.m; sourceTree = "<group>"; };
		A540ACC81C488BB600E5ACDD /* MTViewController.h */ = {isa = PBXFileReference; fileEncoding = 4; lastKnownFileType = sourcecode.c.h; path = MTViewController.h; sourceTree = "<group>"; };
		A540ACC91C488BB600E5ACDD /* MTViewController.m */ = {isa = PBXFileReference; fileEncoding = 4; lastKnownFileType = sourcecode.c.objc; path = MTViewController.m; sourceTree = "<group>"; };
		A540ACCB1C489B8400E5ACDD /* MyEpisodeTableViewCell.h */ = {isa = PBXFileReference; fileEncoding = 4; lastKnownFileType = sourcecode.c.h; path = MyEpisodeTableViewCell.h; sourceTree = "<group>"; };
		A540ACCC1C489B8400E5ACDD /* MyEpisodeTableViewCell.m */ = {isa = PBXFileReference; fileEncoding = 4; lastKnownFileType = sourcecode.c.objc; path = MyEpisodeTableViewCell.m; sourceTree = "<group>"; };
		A540ACCD1C489B8400E5ACDD /* MyEpisodeTableViewCell.xib */ = {isa = PBXFileReference; fileEncoding = 4; lastKnownFileType = file.xib; path = MyEpisodeTableViewCell.xib; sourceTree = "<group>"; };
		A553DE371C926D3A00B1A766 /* File.rtf */ = {isa = PBXFileReference; fileEncoding = 4; lastKnownFileType = text.rtf; path = File.rtf; sourceTree = "<group>"; };
		A553DE391C927FD500B1A766 /* File.txt */ = {isa = PBXFileReference; fileEncoding = 4; lastKnownFileType = text; path = File.txt; sourceTree = "<group>"; };
		A553DE3F1C97BE6400B1A766 /* ADShow.app */ = {isa = PBXFileReference; explicitFileType = wrapper.application; includeInIndex = 0; path = ADShow.app; sourceTree = BUILT_PRODUCTS_DIR; };
		A553DE421C97BE6400B1A766 /* main.m */ = {isa = PBXFileReference; lastKnownFileType = sourcecode.c.objc; path = main.m; sourceTree = "<group>"; };
		A553DE441C97BE6400B1A766 /* AppDelegate.h */ = {isa = PBXFileReference; lastKnownFileType = sourcecode.c.h; path = AppDelegate.h; sourceTree = "<group>"; };
		A553DE451C97BE6400B1A766 /* AppDelegate.m */ = {isa = PBXFileReference; lastKnownFileType = sourcecode.c.objc; path = AppDelegate.m; sourceTree = "<group>"; };
		A553DE471C97BE6400B1A766 /* RootViewController.h */ = {isa = PBXFileReference; lastKnownFileType = sourcecode.c.h; path = RootViewController.h; sourceTree = "<group>"; };
		A553DE481C97BE6400B1A766 /* RootViewController.m */ = {isa = PBXFileReference; lastKnownFileType = sourcecode.c.objc; path = RootViewController.m; sourceTree = "<group>"; };
		A553DE4A1C97BE6400B1A766 /* DataViewController.h */ = {isa = PBXFileReference; lastKnownFileType = sourcecode.c.h; path = DataViewController.h; sourceTree = "<group>"; };
		A553DE4B1C97BE6400B1A766 /* DataViewController.m */ = {isa = PBXFileReference; lastKnownFileType = sourcecode.c.objc; path = DataViewController.m; sourceTree = "<group>"; };
		A553DE4D1C97BE6400B1A766 /* ModelController.h */ = {isa = PBXFileReference; lastKnownFileType = sourcecode.c.h; path = ModelController.h; sourceTree = "<group>"; };
		A553DE4E1C97BE6400B1A766 /* ModelController.m */ = {isa = PBXFileReference; lastKnownFileType = sourcecode.c.objc; path = ModelController.m; sourceTree = "<group>"; };
		A553DE511C97BE6400B1A766 /* Base */ = {isa = PBXFileReference; lastKnownFileType = file.storyboard; name = Base; path = Base.lproj/Main.storyboard; sourceTree = "<group>"; };
		A553DE531C97BE6400B1A766 /* Assets.xcassets */ = {isa = PBXFileReference; lastKnownFileType = folder.assetcatalog; path = Assets.xcassets; sourceTree = "<group>"; };
		A553DE561C97BE6400B1A766 /* Base */ = {isa = PBXFileReference; lastKnownFileType = file.storyboard; name = Base; path = Base.lproj/LaunchScreen.storyboard; sourceTree = "<group>"; };
		A553DE581C97BE6400B1A766 /* Info.plist */ = {isa = PBXFileReference; lastKnownFileType = text.plist.xml; path = Info.plist; sourceTree = "<group>"; };
		A5549DAA1C005A740094F4CA /* CoreText.framework */ = {isa = PBXFileReference; lastKnownFileType = wrapper.framework; name = CoreText.framework; path = System/Library/Frameworks/CoreText.framework; sourceTree = SDKROOT; };
		A5549DAD1C005C420094F4CA /* CoreTextMagazine-Prefix.pch */ = {isa = PBXFileReference; fileEncoding = 4; lastKnownFileType = sourcecode.c.h; path = "CoreTextMagazine-Prefix.pch"; sourceTree = "<group>"; };
		A5549DAE1C005F0F0094F4CA /* MarkupParser.h */ = {isa = PBXFileReference; fileEncoding = 4; lastKnownFileType = sourcecode.c.h; path = MarkupParser.h; sourceTree = "<group>"; };
		A5549DAF1C005F0F0094F4CA /* MarkupParser.m */ = {isa = PBXFileReference; fileEncoding = 4; lastKnownFileType = sourcecode.c.objc; path = MarkupParser.m; sourceTree = "<group>"; };
		A5549DB11C0068900094F4CA /* test.txt */ = {isa = PBXFileReference; fileEncoding = 4; lastKnownFileType = text; path = test.txt; sourceTree = "<group>"; };
		A5549DB61C0086470094F4CA /* KSCTView.h */ = {isa = PBXFileReference; fileEncoding = 4; lastKnownFileType = sourcecode.c.h; path = KSCTView.h; sourceTree = "<group>"; };
		A5549DB71C0086470094F4CA /* KSCTView.m */ = {isa = PBXFileReference; fileEncoding = 4; lastKnownFileType = sourcecode.c.objc; path = KSCTView.m; sourceTree = "<group>"; };
		A5549DB91C008B5D0094F4CA /* KSCTColumnView.h */ = {isa = PBXFileReference; fileEncoding = 4; lastKnownFileType = sourcecode.c.h; path = KSCTColumnView.h; sourceTree = "<group>"; };
		A5549DBA1C008B5D0094F4CA /* KSCTColumnView.m */ = {isa = PBXFileReference; fileEncoding = 4; lastKnownFileType = sourcecode.c.objc; path = KSCTColumnView.m; sourceTree = "<group>"; };
		A5549DBC1C0306860094F4CA /* BlueSky.png */ = {isa = PBXFileReference; lastKnownFileType = image.png; path = BlueSky.png; sourceTree = "<group>"; };
		A5549DBD1C0306860094F4CA /* Mouse.png */ = {isa = PBXFileReference; lastKnownFileType = image.png; path = Mouse.png; sourceTree = "<group>"; };
		A5549DBE1C0306860094F4CA /* SimleFace.png */ = {isa = PBXFileReference; lastKnownFileType = image.png; path = SimleFace.png; sourceTree = "<group>"; };
		A57A5E811C056463006EFD85 /* RegularExpression.app */ = {isa = PBXFileReference; explicitFileType = wrapper.application; includeInIndex = 0; path = RegularExpression.app; sourceTree = BUILT_PRODUCTS_DIR; };
		A57A5E841C056463006EFD85 /* main.m */ = {isa = PBXFileReference; lastKnownFileType = sourcecode.c.objc; path = main.m; sourceTree = "<group>"; };
		A57A5E861C056463006EFD85 /* AppDelegate.h */ = {isa = PBXFileReference; lastKnownFileType = sourcecode.c.h; path = AppDelegate.h; sourceTree = "<group>"; };
		A57A5E871C056463006EFD85 /* AppDelegate.m */ = {isa = PBXFileReference; lastKnownFileType = sourcecode.c.objc; path = AppDelegate.m; sourceTree = "<group>"; };
		A57A5E891C056463006EFD85 /* ViewController.h */ = {isa = PBXFileReference; lastKnownFileType = sourcecode.c.h; path = ViewController.h; sourceTree = "<group>"; };
		A57A5E8A1C056463006EFD85 /* ViewController.m */ = {isa = PBXFileReference; lastKnownFileType = sourcecode.c.objc; path = ViewController.m; sourceTree = "<group>"; };
		A57A5E8D1C056463006EFD85 /* Base */ = {isa = PBXFileReference; lastKnownFileType = file.storyboard; name = Base; path = Base.lproj/Main.storyboard; sourceTree = "<group>"; };
		A57A5E8F1C056463006EFD85 /* Assets.xcassets */ = {isa = PBXFileReference; lastKnownFileType = folder.assetcatalog; path = Assets.xcassets; sourceTree = "<group>"; };
		A57A5E921C056463006EFD85 /* Base */ = {isa = PBXFileReference; lastKnownFileType = file.storyboard; name = Base; path = Base.lproj/LaunchScreen.storyboard; sourceTree = "<group>"; };
		A57A5E941C056463006EFD85 /* Info.plist */ = {isa = PBXFileReference; lastKnownFileType = text.plist.xml; path = Info.plist; sourceTree = "<group>"; };
		A58674D11C328F6300C82358 /* BackgroundWithNetworking.app */ = {isa = PBXFileReference; explicitFileType = wrapper.application; includeInIndex = 0; path = BackgroundWithNetworking.app; sourceTree = BUILT_PRODUCTS_DIR; };
		A58674D41C328F6300C82358 /* main.m */ = {isa = PBXFileReference; lastKnownFileType = sourcecode.c.objc; path = main.m; sourceTree = "<group>"; };
		A58674D61C328F6300C82358 /* AppDelegate.h */ = {isa = PBXFileReference; lastKnownFileType = sourcecode.c.h; path = AppDelegate.h; sourceTree = "<group>"; };
		A58674D71C328F6300C82358 /* AppDelegate.m */ = {isa = PBXFileReference; lastKnownFileType = sourcecode.c.objc; path = AppDelegate.m; sourceTree = "<group>"; };
		A58674D91C328F6300C82358 /* ViewController.h */ = {isa = PBXFileReference; lastKnownFileType = sourcecode.c.h; path = ViewController.h; sourceTree = "<group>"; };
		A58674DA1C328F6300C82358 /* ViewController.m */ = {isa = PBXFileReference; lastKnownFileType = sourcecode.c.objc; path = ViewController.m; sourceTree = "<group>"; };
		A58674DD1C328F6300C82358 /* Base */ = {isa = PBXFileReference; lastKnownFileType = file.storyboard; name = Base; path = Base.lproj/Main.storyboard; sourceTree = "<group>"; };
		A58674DF1C328F6300C82358 /* Assets.xcassets */ = {isa = PBXFileReference; lastKnownFileType = folder.assetcatalog; path = Assets.xcassets; sourceTree = "<group>"; };
		A58674E21C328F6300C82358 /* Base */ = {isa = PBXFileReference; lastKnownFileType = file.storyboard; name = Base; path = Base.lproj/LaunchScreen.storyboard; sourceTree = "<group>"; };
		A58674E41C328F6300C82358 /* Info.plist */ = {isa = PBXFileReference; lastKnownFileType = text.plist.xml; path = Info.plist; sourceTree = "<group>"; };
		A59E01431C8EBAAB007A1125 /* PageViewController.app */ = {isa = PBXFileReference; explicitFileType = wrapper.application; includeInIndex = 0; path = PageViewController.app; sourceTree = BUILT_PRODUCTS_DIR; };
		A59E01461C8EBAAB007A1125 /* main.m */ = {isa = PBXFileReference; lastKnownFileType = sourcecode.c.objc; path = main.m; sourceTree = "<group>"; };
		A59E01481C8EBAAB007A1125 /* AppDelegate.h */ = {isa = PBXFileReference; lastKnownFileType = sourcecode.c.h; path = AppDelegate.h; sourceTree = "<group>"; };
		A59E01491C8EBAAB007A1125 /* AppDelegate.m */ = {isa = PBXFileReference; lastKnownFileType = sourcecode.c.objc; path = AppDelegate.m; sourceTree = "<group>"; };
		A59E014B1C8EBAAB007A1125 /* RootViewController.h */ = {isa = PBXFileReference; lastKnownFileType = sourcecode.c.h; path = RootViewController.h; sourceTree = "<group>"; };
		A59E014C1C8EBAAB007A1125 /* RootViewController.m */ = {isa = PBXFileReference; lastKnownFileType = sourcecode.c.objc; path = RootViewController.m; sourceTree = "<group>"; };
		A59E014E1C8EBAAB007A1125 /* DataViewController.h */ = {isa = PBXFileReference; lastKnownFileType = sourcecode.c.h; path = DataViewController.h; sourceTree = "<group>"; };
		A59E014F1C8EBAAB007A1125 /* DataViewController.m */ = {isa = PBXFileReference; lastKnownFileType = sourcecode.c.objc; path = DataViewController.m; sourceTree = "<group>"; };
		A59E01511C8EBAAB007A1125 /* ModelController.h */ = {isa = PBXFileReference; lastKnownFileType = sourcecode.c.h; path = ModelController.h; sourceTree = "<group>"; };
		A59E01521C8EBAAB007A1125 /* ModelController.m */ = {isa = PBXFileReference; lastKnownFileType = sourcecode.c.objc; path = ModelController.m; sourceTree = "<group>"; };
		A59E01551C8EBAAB007A1125 /* Base */ = {isa = PBXFileReference; lastKnownFileType = file.storyboard; name = Base; path = Base.lproj/Main.storyboard; sourceTree = "<group>"; };
		A59E01571C8EBAAB007A1125 /* Assets.xcassets */ = {isa = PBXFileReference; lastKnownFileType = folder.assetcatalog; path = Assets.xcassets; sourceTree = "<group>"; };
		A59E015A1C8EBAAB007A1125 /* Base */ = {isa = PBXFileReference; lastKnownFileType = file.storyboard; name = Base; path = Base.lproj/LaunchScreen.storyboard; sourceTree = "<group>"; };
		A59E015C1C8EBAAB007A1125 /* Info.plist */ = {isa = PBXFileReference; lastKnownFileType = text.plist.xml; path = Info.plist; sourceTree = "<group>"; };
		A5DA1D251C0055E700521A7E /* CoreTextMagazine.app */ = {isa = PBXFileReference; explicitFileType = wrapper.application; includeInIndex = 0; path = CoreTextMagazine.app; sourceTree = BUILT_PRODUCTS_DIR; };
		A5DA1D281C0055E700521A7E /* main.m */ = {isa = PBXFileReference; lastKnownFileType = sourcecode.c.objc; path = main.m; sourceTree = "<group>"; };
		A5DA1D2A1C0055E700521A7E /* AppDelegate.h */ = {isa = PBXFileReference; lastKnownFileType = sourcecode.c.h; path = AppDelegate.h; sourceTree = "<group>"; };
		A5DA1D2B1C0055E700521A7E /* AppDelegate.m */ = {isa = PBXFileReference; lastKnownFileType = sourcecode.c.objc; path = AppDelegate.m; sourceTree = "<group>"; };
		A5DA1D2D1C0055E700521A7E /* ViewController.h */ = {isa = PBXFileReference; lastKnownFileType = sourcecode.c.h; path = ViewController.h; sourceTree = "<group>"; };
		A5DA1D2E1C0055E700521A7E /* ViewController.m */ = {isa = PBXFileReference; lastKnownFileType = sourcecode.c.objc; path = ViewController.m; sourceTree = "<group>"; };
		A5DA1D311C0055E700521A7E /* Base */ = {isa = PBXFileReference; lastKnownFileType = file.storyboard; name = Base; path = Base.lproj/Main.storyboard; sourceTree = "<group>"; };
		A5DA1D331C0055E700521A7E /* Assets.xcassets */ = {isa = PBXFileReference; lastKnownFileType = folder.assetcatalog; path = Assets.xcassets; sourceTree = "<group>"; };
		A5DA1D361C0055E700521A7E /* Base */ = {isa = PBXFileReference; lastKnownFileType = file.storyboard; name = Base; path = Base.lproj/LaunchScreen.storyboard; sourceTree = "<group>"; };
		A5DA1D381C0055E700521A7E /* Info.plist */ = {isa = PBXFileReference; lastKnownFileType = text.plist.xml; path = Info.plist; sourceTree = "<group>"; };
		A5EDFEB11BC64F1E00376B71 /* Test.app */ = {isa = PBXFileReference; explicitFileType = wrapper.application; includeInIndex = 0; path = Test.app; sourceTree = BUILT_PRODUCTS_DIR; };
		A5EDFEB51BC64F1E00376B71 /* main.m */ = {isa = PBXFileReference; lastKnownFileType = sourcecode.c.objc; path = main.m; sourceTree = "<group>"; };
		A5EDFEB71BC64F1E00376B71 /* AppDelegate.h */ = {isa = PBXFileReference; lastKnownFileType = sourcecode.c.h; path = AppDelegate.h; sourceTree = "<group>"; };
		A5EDFEB81BC64F1E00376B71 /* AppDelegate.m */ = {isa = PBXFileReference; lastKnownFileType = sourcecode.c.objc; path = AppDelegate.m; sourceTree = "<group>"; };
		A5EDFEBA1BC64F1E00376B71 /* ViewController.h */ = {isa = PBXFileReference; lastKnownFileType = sourcecode.c.h; path = ViewController.h; sourceTree = "<group>"; };
		A5EDFEBB1BC64F1E00376B71 /* ViewController.m */ = {isa = PBXFileReference; lastKnownFileType = sourcecode.c.objc; path = ViewController.m; sourceTree = "<group>"; };
		A5EDFEBE1BC64F1E00376B71 /* Base */ = {isa = PBXFileReference; lastKnownFileType = file.storyboard; name = Base; path = Base.lproj/Main.storyboard; sourceTree = "<group>"; };
		A5EDFEC01BC64F1E00376B71 /* Assets.xcassets */ = {isa = PBXFileReference; lastKnownFileType = folder.assetcatalog; path = Assets.xcassets; sourceTree = "<group>"; };
		A5EDFEC31BC64F1E00376B71 /* Base */ = {isa = PBXFileReference; lastKnownFileType = file.storyboard; name = Base; path = Base.lproj/LaunchScreen.storyboard; sourceTree = "<group>"; };
		A5EDFEC51BC64F1E00376B71 /* Info.plist */ = {isa = PBXFileReference; lastKnownFileType = text.plist.xml; path = Info.plist; sourceTree = "<group>"; };
		A5EDFECF1BC64F6C00376B71 /* Timer.app */ = {isa = PBXFileReference; explicitFileType = wrapper.application; includeInIndex = 0; path = Timer.app; sourceTree = BUILT_PRODUCTS_DIR; };
		A5EDFED21BC64F6C00376B71 /* main.m */ = {isa = PBXFileReference; lastKnownFileType = sourcecode.c.objc; path = main.m; sourceTree = "<group>"; };
		A5EDFED41BC64F6D00376B71 /* AppDelegate.h */ = {isa = PBXFileReference; lastKnownFileType = sourcecode.c.h; path = AppDelegate.h; sourceTree = "<group>"; };
		A5EDFED51BC64F6D00376B71 /* AppDelegate.m */ = {isa = PBXFileReference; lastKnownFileType = sourcecode.c.objc; path = AppDelegate.m; sourceTree = "<group>"; };
		A5EDFED71BC64F6D00376B71 /* ViewController.h */ = {isa = PBXFileReference; lastKnownFileType = sourcecode.c.h; path = ViewController.h; sourceTree = "<group>"; };
		A5EDFED81BC64F6D00376B71 /* ViewController.m */ = {isa = PBXFileReference; lastKnownFileType = sourcecode.c.objc; path = ViewController.m; sourceTree = "<group>"; };
		A5EDFEDB1BC64F6D00376B71 /* Base */ = {isa = PBXFileReference; lastKnownFileType = file.storyboard; name = Base; path = Base.lproj/Main.storyboard; sourceTree = "<group>"; };
		A5EDFEDD1BC64F6D00376B71 /* Assets.xcassets */ = {isa = PBXFileReference; lastKnownFileType = folder.assetcatalog; path = Assets.xcassets; sourceTree = "<group>"; };
		A5EDFEE01BC64F6D00376B71 /* Base */ = {isa = PBXFileReference; lastKnownFileType = file.storyboard; name = Base; path = Base.lproj/LaunchScreen.storyboard; sourceTree = "<group>"; };
		A5EDFEE21BC64F6D00376B71 /* Info.plist */ = {isa = PBXFileReference; lastKnownFileType = text.plist.xml; path = Info.plist; sourceTree = "<group>"; };
		D6A3C10FDB5825D3A1EF27FB /* Pods-BackgroundWithNetworking.debug.xcconfig */ = {isa = PBXFileReference; includeInIndex = 1; lastKnownFileType = text.xcconfig; name = "Pods-BackgroundWithNetworking.debug.xcconfig"; path = "Pods/Target Support Files/Pods-BackgroundWithNetworking/Pods-BackgroundWithNetworking.debug.xcconfig"; sourceTree = "<group>"; };
/* End PBXFileReference section */

/* Begin PBXFrameworksBuildPhase section */
		A5366AFA1C586DD30045559A /* Frameworks */ = {
			isa = PBXFrameworksBuildPhase;
			buildActionMask = 2147483647;
			files = (
				A5366B151C586DE60045559A /* AVFoundation.framework in Frameworks */,
			);
			runOnlyForDeploymentPostprocessing = 0;
		};
		A553DE3C1C97BE6400B1A766 /* Frameworks */ = {
			isa = PBXFrameworksBuildPhase;
			buildActionMask = 2147483647;
			files = (
			);
			runOnlyForDeploymentPostprocessing = 0;
		};
		A57A5E7E1C056463006EFD85 /* Frameworks */ = {
			isa = PBXFrameworksBuildPhase;
			buildActionMask = 2147483647;
			files = (
			);
			runOnlyForDeploymentPostprocessing = 0;
		};
		A58674CE1C328F6300C82358 /* Frameworks */ = {
			isa = PBXFrameworksBuildPhase;
			buildActionMask = 2147483647;
			files = (
				8BEB6A71680FBD1FA6807C7E /* libPods-BackgroundWithNetworking.a in Frameworks */,
			);
			runOnlyForDeploymentPostprocessing = 0;
		};
		A59E01401C8EBAAB007A1125 /* Frameworks */ = {
			isa = PBXFrameworksBuildPhase;
			buildActionMask = 2147483647;
			files = (
			);
			runOnlyForDeploymentPostprocessing = 0;
		};
		A5DA1D221C0055E700521A7E /* Frameworks */ = {
			isa = PBXFrameworksBuildPhase;
			buildActionMask = 2147483647;
			files = (
				A5549DAB1C005A740094F4CA /* CoreText.framework in Frameworks */,
			);
			runOnlyForDeploymentPostprocessing = 0;
		};
		A5EDFEAE1BC64F1E00376B71 /* Frameworks */ = {
			isa = PBXFrameworksBuildPhase;
			buildActionMask = 2147483647;
			files = (
			);
			runOnlyForDeploymentPostprocessing = 0;
		};
		A5EDFECC1BC64F6C00376B71 /* Frameworks */ = {
			isa = PBXFrameworksBuildPhase;
			buildActionMask = 2147483647;
			files = (
			);
			runOnlyForDeploymentPostprocessing = 0;
		};
/* End PBXFrameworksBuildPhase section */

/* Begin PBXGroup section */
		42325995FBB43ED740054119 /* Pods */ = {
			isa = PBXGroup;
			children = (
				D6A3C10FDB5825D3A1EF27FB /* Pods-BackgroundWithNetworking.debug.xcconfig */,
				473DAACB461C0B379D27985F /* Pods-BackgroundWithNetworking.release.xcconfig */,
			);
			name = Pods;
			sourceTree = "<group>";
		};
		4F893C3DB7DB5C589E233F7E /* Frameworks */ = {
			isa = PBXGroup;
			children = (
				A5549DAA1C005A740094F4CA /* CoreText.framework */,
				A5366B141C586DE60045559A /* AVFoundation.framework */,
				22F7BFB48659C0B7A7B67850 /* libPods-BackgroundWithNetworking.a */,
			);
			name = Frameworks;
			sourceTree = "<group>";
		};
		A5366AFE1C586DD30045559A /* Player */ = {
			isa = PBXGroup;
			children = (
				A5366B021C586DD30045559A /* AppDelegate.h */,
				A5366B031C586DD30045559A /* AppDelegate.m */,
				A5366B051C586DD30045559A /* ViewController.h */,
				A5366B061C586DD30045559A /* ViewController.m */,
				A5366B081C586DD30045559A /* Main.storyboard */,
				A5366B0B1C586DD30045559A /* Assets.xcassets */,
				A5366B0D1C586DD30045559A /* LaunchScreen.storyboard */,
				A5366B101C586DD30045559A /* Info.plist */,
				A5366AFF1C586DD30045559A /* Supporting Files */,
			);
			path = Player;
			sourceTree = "<group>";
		};
		A5366AFF1C586DD30045559A /* Supporting Files */ = {
			isa = PBXGroup;
			children = (
				A5366B001C586DD30045559A /* main.m */,
			);
			name = "Supporting Files";
			sourceTree = "<group>";
		};
		A553DE401C97BE6400B1A766 /* ADShow */ = {
			isa = PBXGroup;
			children = (
				A553DE441C97BE6400B1A766 /* AppDelegate.h */,
				A553DE451C97BE6400B1A766 /* AppDelegate.m */,
				A553DE471C97BE6400B1A766 /* RootViewController.h */,
				A553DE481C97BE6400B1A766 /* RootViewController.m */,
				A553DE4A1C97BE6400B1A766 /* DataViewController.h */,
				A553DE4B1C97BE6400B1A766 /* DataViewController.m */,
				A553DE4D1C97BE6400B1A766 /* ModelController.h */,
				A553DE4E1C97BE6400B1A766 /* ModelController.m */,
				A553DE501C97BE6400B1A766 /* Main.storyboard */,
				A553DE531C97BE6400B1A766 /* Assets.xcassets */,
				A553DE551C97BE6400B1A766 /* LaunchScreen.storyboard */,
				A553DE581C97BE6400B1A766 /* Info.plist */,
				A553DE411C97BE6400B1A766 /* Supporting Files */,
			);
			path = ADShow;
			sourceTree = "<group>";
		};
		A553DE411C97BE6400B1A766 /* Supporting Files */ = {
			isa = PBXGroup;
			children = (
				A553DE421C97BE6400B1A766 /* main.m */,
			);
			name = "Supporting Files";
			sourceTree = "<group>";
		};
		A57A5E821C056463006EFD85 /* RegularExpression */ = {
			isa = PBXGroup;
			children = (
				A57A5E861C056463006EFD85 /* AppDelegate.h */,
				A57A5E871C056463006EFD85 /* AppDelegate.m */,
				A57A5E891C056463006EFD85 /* ViewController.h */,
				A57A5E8A1C056463006EFD85 /* ViewController.m */,
				A57A5E8C1C056463006EFD85 /* Main.storyboard */,
				A57A5E8F1C056463006EFD85 /* Assets.xcassets */,
				A57A5E911C056463006EFD85 /* LaunchScreen.storyboard */,
				A57A5E941C056463006EFD85 /* Info.plist */,
				A57A5E831C056463006EFD85 /* Supporting Files */,
			);
			path = RegularExpression;
			sourceTree = "<group>";
		};
		A57A5E831C056463006EFD85 /* Supporting Files */ = {
			isa = PBXGroup;
			children = (
				A57A5E841C056463006EFD85 /* main.m */,
			);
			name = "Supporting Files";
			sourceTree = "<group>";
		};
		A58674D21C328F6300C82358 /* BackgroundWithNetworking */ = {
			isa = PBXGroup;
			children = (
				A58674D61C328F6300C82358 /* AppDelegate.h */,
				A58674D71C328F6300C82358 /* AppDelegate.m */,
				A58674D91C328F6300C82358 /* ViewController.h */,
				A58674DA1C328F6300C82358 /* ViewController.m */,
				A540ACC21C4777BB00E5ACDD /* BNResumeViewController.h */,
				A540ACC31C4777BB00E5ACDD /* BNResumeViewController.m */,
				A58674DC1C328F6300C82358 /* Main.storyboard */,
				A540ACCB1C489B8400E5ACDD /* MyEpisodeTableViewCell.h */,
				A540ACCC1C489B8400E5ACDD /* MyEpisodeTableViewCell.m */,
				A540ACCD1C489B8400E5ACDD /* MyEpisodeTableViewCell.xib */,
				A540ACC51C4798B800E5ACDD /* MTSearchViewController.h */,
				A540ACC61C4798B800E5ACDD /* MTSearchViewController.m */,
				A540ACC81C488BB600E5ACDD /* MTViewController.h */,
				A540ACC91C488BB600E5ACDD /* MTViewController.m */,
				A58674DF1C328F6300C82358 /* Assets.xcassets */,
				A58674E11C328F6300C82358 /* LaunchScreen.storyboard */,
				A58674E41C328F6300C82358 /* Info.plist */,
				A58674D31C328F6300C82358 /* Supporting Files */,
			);
			path = BackgroundWithNetworking;
			sourceTree = "<group>";
		};
		A58674D31C328F6300C82358 /* Supporting Files */ = {
			isa = PBXGroup;
			children = (
				A58674D41C328F6300C82358 /* main.m */,
			);
			name = "Supporting Files";
			sourceTree = "<group>";
		};
		A59E01441C8EBAAB007A1125 /* PageViewController */ = {
			isa = PBXGroup;
			children = (
				A59E01481C8EBAAB007A1125 /* AppDelegate.h */,
				A59E01491C8EBAAB007A1125 /* AppDelegate.m */,
				A59E014B1C8EBAAB007A1125 /* RootViewController.h */,
				A59E014C1C8EBAAB007A1125 /* RootViewController.m */,
				A59E014E1C8EBAAB007A1125 /* DataViewController.h */,
				A59E014F1C8EBAAB007A1125 /* DataViewController.m */,
				A59E01511C8EBAAB007A1125 /* ModelController.h */,
				A59E01521C8EBAAB007A1125 /* ModelController.m */,
				A59E01541C8EBAAB007A1125 /* Main.storyboard */,
				A59E01571C8EBAAB007A1125 /* Assets.xcassets */,
				A59E01591C8EBAAB007A1125 /* LaunchScreen.storyboard */,
				A59E015C1C8EBAAB007A1125 /* Info.plist */,
				A59E01451C8EBAAB007A1125 /* Supporting Files */,
				A553DE371C926D3A00B1A766 /* File.rtf */,
				A553DE391C927FD500B1A766 /* File.txt */,
			);
			path = PageViewController;
			sourceTree = "<group>";
		};
		A59E01451C8EBAAB007A1125 /* Supporting Files */ = {
			isa = PBXGroup;
			children = (
				A59E01461C8EBAAB007A1125 /* main.m */,
			);
			name = "Supporting Files";
			sourceTree = "<group>";
		};
		A5DA1D261C0055E700521A7E /* CoreTextMagazine */ = {
			isa = PBXGroup;
			children = (
				A5DA1D4B1C00596C00521A7E /* Core Text */,
				A5DA1D2A1C0055E700521A7E /* AppDelegate.h */,
				A5DA1D2B1C0055E700521A7E /* AppDelegate.m */,
				A5DA1D2D1C0055E700521A7E /* ViewController.h */,
				A5DA1D2E1C0055E700521A7E /* ViewController.m */,
				A5DA1D301C0055E700521A7E /* Main.storyboard */,
				A5DA1D331C0055E700521A7E /* Assets.xcassets */,
				A5DA1D351C0055E700521A7E /* LaunchScreen.storyboard */,
				A5DA1D381C0055E700521A7E /* Info.plist */,
				A5DA1D271C0055E700521A7E /* Supporting Files */,
				A5549DAD1C005C420094F4CA /* CoreTextMagazine-Prefix.pch */,
			);
			path = CoreTextMagazine;
			sourceTree = "<group>";
		};
		A5DA1D271C0055E700521A7E /* Supporting Files */ = {
			isa = PBXGroup;
			children = (
				A5DA1D281C0055E700521A7E /* main.m */,
			);
			name = "Supporting Files";
			sourceTree = "<group>";
		};
		A5DA1D4B1C00596C00521A7E /* Core Text */ = {
			isa = PBXGroup;
			children = (
				A5549DB61C0086470094F4CA /* KSCTView.h */,
				A5549DB71C0086470094F4CA /* KSCTView.m */,
				A5549DB91C008B5D0094F4CA /* KSCTColumnView.h */,
				A5549DBA1C008B5D0094F4CA /* KSCTColumnView.m */,
				A5549DAE1C005F0F0094F4CA /* MarkupParser.h */,
				A5549DAF1C005F0F0094F4CA /* MarkupParser.m */,
				A5549DB11C0068900094F4CA /* test.txt */,
				A5549DBC1C0306860094F4CA /* BlueSky.png */,
				A5549DBD1C0306860094F4CA /* Mouse.png */,
				A5549DBE1C0306860094F4CA /* SimleFace.png */,
			);
			name = "Core Text";
			sourceTree = "<group>";
		};
		A5EDFEA81BC64F1E00376B71 = {
			isa = PBXGroup;
			children = (
				A5EDFEB31BC64F1E00376B71 /* Test */,
				A5EDFED01BC64F6C00376B71 /* Timer */,
				A5DA1D261C0055E700521A7E /* CoreTextMagazine */,
				A57A5E821C056463006EFD85 /* RegularExpression */,
				A58674D21C328F6300C82358 /* BackgroundWithNetworking */,
				A5366AFE1C586DD30045559A /* Player */,
				A59E01441C8EBAAB007A1125 /* PageViewController */,
				A553DE401C97BE6400B1A766 /* ADShow */,
				A5EDFEB21BC64F1E00376B71 /* Products */,
				42325995FBB43ED740054119 /* Pods */,
				4F893C3DB7DB5C589E233F7E /* Frameworks */,
			);
			sourceTree = "<group>";
		};
		A5EDFEB21BC64F1E00376B71 /* Products */ = {
			isa = PBXGroup;
			children = (
				A5EDFEB11BC64F1E00376B71 /* Test.app */,
				A5EDFECF1BC64F6C00376B71 /* Timer.app */,
				A5DA1D251C0055E700521A7E /* CoreTextMagazine.app */,
				A57A5E811C056463006EFD85 /* RegularExpression.app */,
				A58674D11C328F6300C82358 /* BackgroundWithNetworking.app */,
				A5366AFD1C586DD30045559A /* Player.app */,
				A59E01431C8EBAAB007A1125 /* PageViewController.app */,
				A553DE3F1C97BE6400B1A766 /* ADShow.app */,
			);
			name = Products;
			sourceTree = "<group>";
		};
		A5EDFEB31BC64F1E00376B71 /* Test */ = {
			isa = PBXGroup;
			children = (
				A5EDFEB71BC64F1E00376B71 /* AppDelegate.h */,
				A5EDFEB81BC64F1E00376B71 /* AppDelegate.m */,
				A5EDFEBA1BC64F1E00376B71 /* ViewController.h */,
				A5EDFEBB1BC64F1E00376B71 /* ViewController.m */,
				A5EDFEBD1BC64F1E00376B71 /* Main.storyboard */,
				A5EDFEC01BC64F1E00376B71 /* Assets.xcassets */,
				A5EDFEC21BC64F1E00376B71 /* LaunchScreen.storyboard */,
				A5EDFEC51BC64F1E00376B71 /* Info.plist */,
				A5EDFEB41BC64F1E00376B71 /* Supporting Files */,
			);
			path = Test;
			sourceTree = "<group>";
		};
		A5EDFEB41BC64F1E00376B71 /* Supporting Files */ = {
			isa = PBXGroup;
			children = (
				A5EDFEB51BC64F1E00376B71 /* main.m */,
			);
			name = "Supporting Files";
			sourceTree = "<group>";
		};
		A5EDFED01BC64F6C00376B71 /* Timer */ = {
			isa = PBXGroup;
			children = (
				A5EDFED41BC64F6D00376B71 /* AppDelegate.h */,
				A5EDFED51BC64F6D00376B71 /* AppDelegate.m */,
				A5EDFED71BC64F6D00376B71 /* ViewController.h */,
				A5EDFED81BC64F6D00376B71 /* ViewController.m */,
				A5EDFEDA1BC64F6D00376B71 /* Main.storyboard */,
				A5EDFEDD1BC64F6D00376B71 /* Assets.xcassets */,
				A5EDFEDF1BC64F6D00376B71 /* LaunchScreen.storyboard */,
				A5EDFEE21BC64F6D00376B71 /* Info.plist */,
				A5EDFED11BC64F6C00376B71 /* Supporting Files */,
			);
			path = Timer;
			sourceTree = "<group>";
		};
		A5EDFED11BC64F6C00376B71 /* Supporting Files */ = {
			isa = PBXGroup;
			children = (
				A5EDFED21BC64F6C00376B71 /* main.m */,
			);
			name = "Supporting Files";
			sourceTree = "<group>";
		};
/* End PBXGroup section */

/* Begin PBXNativeTarget section */
		A5366AFC1C586DD30045559A /* Player */ = {
			isa = PBXNativeTarget;
			buildConfigurationList = A5366B131C586DD30045559A /* Build configuration list for PBXNativeTarget "Player" */;
			buildPhases = (
				A5366AF91C586DD30045559A /* Sources */,
				A5366AFA1C586DD30045559A /* Frameworks */,
				A5366AFB1C586DD30045559A /* Resources */,
			);
			buildRules = (
			);
			dependencies = (
			);
			name = Player;
			productName = Player;
			productReference = A5366AFD1C586DD30045559A /* Player.app */;
			productType = "com.apple.product-type.application";
		};
		A553DE3E1C97BE6400B1A766 /* ADShow */ = {
			isa = PBXNativeTarget;
			buildConfigurationList = A553DE591C97BE6400B1A766 /* Build configuration list for PBXNativeTarget "ADShow" */;
			buildPhases = (
				A553DE3B1C97BE6400B1A766 /* Sources */,
				A553DE3C1C97BE6400B1A766 /* Frameworks */,
				A553DE3D1C97BE6400B1A766 /* Resources */,
			);
			buildRules = (
			);
			dependencies = (
			);
			name = ADShow;
			productName = ADShow;
			productReference = A553DE3F1C97BE6400B1A766 /* ADShow.app */;
			productType = "com.apple.product-type.application";
		};
		A57A5E801C056463006EFD85 /* RegularExpression */ = {
			isa = PBXNativeTarget;
			buildConfigurationList = A57A5E971C056463006EFD85 /* Build configuration list for PBXNativeTarget "RegularExpression" */;
			buildPhases = (
				A57A5E7D1C056463006EFD85 /* Sources */,
				A57A5E7E1C056463006EFD85 /* Frameworks */,
				A57A5E7F1C056463006EFD85 /* Resources */,
			);
			buildRules = (
			);
			dependencies = (
			);
			name = RegularExpression;
			productName = RegularExpression;
			productReference = A57A5E811C056463006EFD85 /* RegularExpression.app */;
			productType = "com.apple.product-type.application";
		};
		A58674D01C328F6300C82358 /* BackgroundWithNetworking */ = {
			isa = PBXNativeTarget;
			buildConfigurationList = A58674E71C328F6300C82358 /* Build configuration list for PBXNativeTarget "BackgroundWithNetworking" */;
			buildPhases = (
				3C2C5AC6EFAED4223816D237 /* Check Pods Manifest.lock */,
				A58674CD1C328F6300C82358 /* Sources */,
				A58674CE1C328F6300C82358 /* Frameworks */,
				A58674CF1C328F6300C82358 /* Resources */,
				235D6B92C29AC843CF34100A /* Embed Pods Frameworks */,
				B3A4B85BB7DC43598670A2A3 /* Copy Pods Resources */,
			);
			buildRules = (
			);
			dependencies = (
			);
			name = BackgroundWithNetworking;
			productName = BackgroundWithNetworking;
			productReference = A58674D11C328F6300C82358 /* BackgroundWithNetworking.app */;
			productType = "com.apple.product-type.application";
		};
		A59E01421C8EBAAB007A1125 /* PageViewController */ = {
			isa = PBXNativeTarget;
			buildConfigurationList = A59E015D1C8EBAAB007A1125 /* Build configuration list for PBXNativeTarget "PageViewController" */;
			buildPhases = (
				A59E013F1C8EBAAB007A1125 /* Sources */,
				A59E01401C8EBAAB007A1125 /* Frameworks */,
				A59E01411C8EBAAB007A1125 /* Resources */,
			);
			buildRules = (
			);
			dependencies = (
			);
			name = PageViewController;
			productName = PageViewController;
			productReference = A59E01431C8EBAAB007A1125 /* PageViewController.app */;
			productType = "com.apple.product-type.application";
		};
		A5DA1D241C0055E700521A7E /* CoreTextMagazine */ = {
			isa = PBXNativeTarget;
			buildConfigurationList = A5DA1D3B1C0055E700521A7E /* Build configuration list for PBXNativeTarget "CoreTextMagazine" */;
			buildPhases = (
				A5DA1D211C0055E700521A7E /* Sources */,
				A5DA1D221C0055E700521A7E /* Frameworks */,
				A5DA1D231C0055E700521A7E /* Resources */,
			);
			buildRules = (
			);
			dependencies = (
			);
			name = CoreTextMagazine;
			productName = CoreTextMagazine;
			productReference = A5DA1D251C0055E700521A7E /* CoreTextMagazine.app */;
			productType = "com.apple.product-type.application";
		};
		A5EDFEB01BC64F1E00376B71 /* Test */ = {
			isa = PBXNativeTarget;
			buildConfigurationList = A5EDFEC81BC64F1E00376B71 /* Build configuration list for PBXNativeTarget "Test" */;
			buildPhases = (
				A5EDFEAD1BC64F1E00376B71 /* Sources */,
				A5EDFEAE1BC64F1E00376B71 /* Frameworks */,
				A5EDFEAF1BC64F1E00376B71 /* Resources */,
			);
			buildRules = (
			);
			dependencies = (
			);
			name = Test;
			productName = Test;
			productReference = A5EDFEB11BC64F1E00376B71 /* Test.app */;
			productType = "com.apple.product-type.application";
		};
		A5EDFECE1BC64F6C00376B71 /* Timer */ = {
			isa = PBXNativeTarget;
			buildConfigurationList = A5EDFEE31BC64F6D00376B71 /* Build configuration list for PBXNativeTarget "Timer" */;
			buildPhases = (
				A5EDFECB1BC64F6C00376B71 /* Sources */,
				A5EDFECC1BC64F6C00376B71 /* Frameworks */,
				A5EDFECD1BC64F6C00376B71 /* Resources */,
			);
			buildRules = (
			);
			dependencies = (
			);
			name = Timer;
			productName = Timer;
			productReference = A5EDFECF1BC64F6C00376B71 /* Timer.app */;
			productType = "com.apple.product-type.application";
		};
/* End PBXNativeTarget section */

/* Begin PBXProject section */
		A5EDFEA91BC64F1E00376B71 /* Project object */ = {
			isa = PBXProject;
			attributes = {
				LastUpgradeCheck = 0700;
				ORGANIZATIONNAME = Zeek;
				TargetAttributes = {
					A5366AFC1C586DD30045559A = {
						CreatedOnToolsVersion = 7.2;
					};
					A553DE3E1C97BE6400B1A766 = {
						CreatedOnToolsVersion = 7.2.1;
					};
					A57A5E801C056463006EFD85 = {
						CreatedOnToolsVersion = 7.1;
					};
					A58674D01C328F6300C82358 = {
						CreatedOnToolsVersion = 7.2;
						SystemCapabilities = {
							com.apple.BackgroundModes = {
								enabled = 1;
							};
						};
					};
					A59E01421C8EBAAB007A1125 = {
						CreatedOnToolsVersion = 7.2.1;
					};
					A5DA1D241C0055E700521A7E = {
						CreatedOnToolsVersion = 7.1;
					};
					A5EDFEB01BC64F1E00376B71 = {
						CreatedOnToolsVersion = 7.0.1;
					};
					A5EDFECE1BC64F6C00376B71 = {
						CreatedOnToolsVersion = 7.0.1;
					};
				};
			};
			buildConfigurationList = A5EDFEAC1BC64F1E00376B71 /* Build configuration list for PBXProject "Test" */;
			compatibilityVersion = "Xcode 3.2";
			developmentRegion = English;
			hasScannedForEncodings = 0;
			knownRegions = (
				en,
				Base,
			);
			mainGroup = A5EDFEA81BC64F1E00376B71;
			productRefGroup = A5EDFEB21BC64F1E00376B71 /* Products */;
			projectDirPath = "";
			projectRoot = "";
			targets = (
				A5EDFEB01BC64F1E00376B71 /* Test */,
				A5EDFECE1BC64F6C00376B71 /* Timer */,
				A5DA1D241C0055E700521A7E /* CoreTextMagazine */,
				A57A5E801C056463006EFD85 /* RegularExpression */,
				A58674D01C328F6300C82358 /* BackgroundWithNetworking */,
				A5366AFC1C586DD30045559A /* Player */,
				A59E01421C8EBAAB007A1125 /* PageViewController */,
				A553DE3E1C97BE6400B1A766 /* ADShow */,
			);
		};
/* End PBXProject section */

/* Begin PBXResourcesBuildPhase section */
		A5366AFB1C586DD30045559A /* Resources */ = {
			isa = PBXResourcesBuildPhase;
			buildActionMask = 2147483647;
			files = (
				A5366B0F1C586DD30045559A /* LaunchScreen.storyboard in Resources */,
				A5366B0C1C586DD30045559A /* Assets.xcassets in Resources */,
				A5366B0A1C586DD30045559A /* Main.storyboard in Resources */,
			);
			runOnlyForDeploymentPostprocessing = 0;
		};
		A553DE3D1C97BE6400B1A766 /* Resources */ = {
			isa = PBXResourcesBuildPhase;
			buildActionMask = 2147483647;
			files = (
				A553DE571C97BE6400B1A766 /* LaunchScreen.storyboard in Resources */,
				A553DE541C97BE6400B1A766 /* Assets.xcassets in Resources */,
				A553DE521C97BE6400B1A766 /* Main.storyboard in Resources */,
			);
			runOnlyForDeploymentPostprocessing = 0;
		};
		A57A5E7F1C056463006EFD85 /* Resources */ = {
			isa = PBXResourcesBuildPhase;
			buildActionMask = 2147483647;
			files = (
				A57A5E931C056463006EFD85 /* LaunchScreen.storyboard in Resources */,
				A57A5E901C056463006EFD85 /* Assets.xcassets in Resources */,
				A57A5E8E1C056463006EFD85 /* Main.storyboard in Resources */,
			);
			runOnlyForDeploymentPostprocessing = 0;
		};
		A58674CF1C328F6300C82358 /* Resources */ = {
			isa = PBXResourcesBuildPhase;
			buildActionMask = 2147483647;
			files = (
				A58674E31C328F6300C82358 /* LaunchScreen.storyboard in Resources */,
				A540ACCF1C489B8400E5ACDD /* MyEpisodeTableViewCell.xib in Resources */,
				A58674E01C328F6300C82358 /* Assets.xcassets in Resources */,
				A58674DE1C328F6300C82358 /* Main.storyboard in Resources */,
			);
			runOnlyForDeploymentPostprocessing = 0;
		};
		A59E01411C8EBAAB007A1125 /* Resources */ = {
			isa = PBXResourcesBuildPhase;
			buildActionMask = 2147483647;
			files = (
				A553DE3A1C927FD500B1A766 /* File.txt in Resources */,
				A553DE381C926D3A00B1A766 /* File.rtf in Resources */,
				A59E015B1C8EBAAB007A1125 /* LaunchScreen.storyboard in Resources */,
				A59E01581C8EBAAB007A1125 /* Assets.xcassets in Resources */,
				A59E01561C8EBAAB007A1125 /* Main.storyboard in Resources */,
			);
			runOnlyForDeploymentPostprocessing = 0;
		};
		A5DA1D231C0055E700521A7E /* Resources */ = {
			isa = PBXResourcesBuildPhase;
			buildActionMask = 2147483647;
			files = (
				A5DA1D371C0055E700521A7E /* LaunchScreen.storyboard in Resources */,
				A5DA1D341C0055E700521A7E /* Assets.xcassets in Resources */,
				A5549DBF1C0306860094F4CA /* BlueSky.png in Resources */,
				A5549DC11C0306860094F4CA /* SimleFace.png in Resources */,
				A5549DC01C0306860094F4CA /* Mouse.png in Resources */,
				A5549DB21C0068900094F4CA /* test.txt in Resources */,
				A5DA1D321C0055E700521A7E /* Main.storyboard in Resources */,
			);
			runOnlyForDeploymentPostprocessing = 0;
		};
		A5EDFEAF1BC64F1E00376B71 /* Resources */ = {
			isa = PBXResourcesBuildPhase;
			buildActionMask = 2147483647;
			files = (
				A5EDFEC41BC64F1E00376B71 /* LaunchScreen.storyboard in Resources */,
				A5EDFEC11BC64F1E00376B71 /* Assets.xcassets in Resources */,
				A5EDFEBF1BC64F1E00376B71 /* Main.storyboard in Resources */,
			);
			runOnlyForDeploymentPostprocessing = 0;
		};
		A5EDFECD1BC64F6C00376B71 /* Resources */ = {
			isa = PBXResourcesBuildPhase;
			buildActionMask = 2147483647;
			files = (
				A5EDFEE11BC64F6D00376B71 /* LaunchScreen.storyboard in Resources */,
				A5EDFEDE1BC64F6D00376B71 /* Assets.xcassets in Resources */,
				A5EDFEDC1BC64F6D00376B71 /* Main.storyboard in Resources */,
			);
			runOnlyForDeploymentPostprocessing = 0;
		};
/* End PBXResourcesBuildPhase section */

/* Begin PBXShellScriptBuildPhase section */
		235D6B92C29AC843CF34100A /* Embed Pods Frameworks */ = {
			isa = PBXShellScriptBuildPhase;
			buildActionMask = 2147483647;
			files = (
			);
			inputPaths = (
			);
			name = "Embed Pods Frameworks";
			outputPaths = (
			);
			runOnlyForDeploymentPostprocessing = 0;
			shellPath = /bin/sh;
			shellScript = "\"${SRCROOT}/Pods/Target Support Files/Pods-BackgroundWithNetworking/Pods-BackgroundWithNetworking-frameworks.sh\"\n";
			showEnvVarsInLog = 0;
		};
		3C2C5AC6EFAED4223816D237 /* Check Pods Manifest.lock */ = {
			isa = PBXShellScriptBuildPhase;
			buildActionMask = 2147483647;
			files = (
			);
			inputPaths = (
			);
			name = "Check Pods Manifest.lock";
			outputPaths = (
			);
			runOnlyForDeploymentPostprocessing = 0;
			shellPath = /bin/sh;
			shellScript = "diff \"${PODS_ROOT}/../Podfile.lock\" \"${PODS_ROOT}/Manifest.lock\" > /dev/null\nif [[ $? != 0 ]] ; then\n    cat << EOM\nerror: The sandbox is not in sync with the Podfile.lock. Run 'pod install' or update your CocoaPods installation.\nEOM\n    exit 1\nfi\n";
			showEnvVarsInLog = 0;
		};
		B3A4B85BB7DC43598670A2A3 /* Copy Pods Resources */ = {
			isa = PBXShellScriptBuildPhase;
			buildActionMask = 2147483647;
			files = (
			);
			inputPaths = (
			);
			name = "Copy Pods Resources";
			outputPaths = (
			);
			runOnlyForDeploymentPostprocessing = 0;
			shellPath = /bin/sh;
			shellScript = "\"${SRCROOT}/Pods/Target Support Files/Pods-BackgroundWithNetworking/Pods-BackgroundWithNetworking-resources.sh\"\n";
			showEnvVarsInLog = 0;
		};
/* End PBXShellScriptBuildPhase section */

/* Begin PBXSourcesBuildPhase section */
		A5366AF91C586DD30045559A /* Sources */ = {
			isa = PBXSourcesBuildPhase;
			buildActionMask = 2147483647;
			files = (
				A5366B071C586DD30045559A /* ViewController.m in Sources */,
				A5366B041C586DD30045559A /* AppDelegate.m in Sources */,
				A5366B011C586DD30045559A /* main.m in Sources */,
			);
			runOnlyForDeploymentPostprocessing = 0;
		};
		A553DE3B1C97BE6400B1A766 /* Sources */ = {
			isa = PBXSourcesBuildPhase;
			buildActionMask = 2147483647;
			files = (
				A553DE4C1C97BE6400B1A766 /* DataViewController.m in Sources */,
				A553DE461C97BE6400B1A766 /* AppDelegate.m in Sources */,
				A553DE4F1C97BE6400B1A766 /* ModelController.m in Sources */,
				A553DE431C97BE6400B1A766 /* main.m in Sources */,
				A553DE491C97BE6400B1A766 /* RootViewController.m in Sources */,
			);
			runOnlyForDeploymentPostprocessing = 0;
		};
		A57A5E7D1C056463006EFD85 /* Sources */ = {
			isa = PBXSourcesBuildPhase;
			buildActionMask = 2147483647;
			files = (
				A57A5E8B1C056463006EFD85 /* ViewController.m in Sources */,
				A57A5E881C056463006EFD85 /* AppDelegate.m in Sources */,
				A57A5E851C056463006EFD85 /* main.m in Sources */,
			);
			runOnlyForDeploymentPostprocessing = 0;
		};
		A58674CD1C328F6300C82358 /* Sources */ = {
			isa = PBXSourcesBuildPhase;
			buildActionMask = 2147483647;
			files = (
				A58674DB1C328F6300C82358 /* ViewController.m in Sources */,
				A540ACCA1C488BB600E5ACDD /* MTViewController.m in Sources */,
				A58674D81C328F6300C82358 /* AppDelegate.m in Sources */,
				A58674D51C328F6300C82358 /* main.m in Sources */,
				A540ACC71C4798B800E5ACDD /* MTSearchViewController.m in Sources */,
				A540ACC41C4777BB00E5ACDD /* BNResumeViewController.m in Sources */,
				A540ACCE1C489B8400E5ACDD /* MyEpisodeTableViewCell.m in Sources */,
			);
			runOnlyForDeploymentPostprocessing = 0;
		};
		A59E013F1C8EBAAB007A1125 /* Sources */ = {
			isa = PBXSourcesBuildPhase;
			buildActionMask = 2147483647;
			files = (
				A59E01501C8EBAAB007A1125 /* DataViewController.m in Sources */,
				A59E014A1C8EBAAB007A1125 /* AppDelegate.m in Sources */,
				A59E01531C8EBAAB007A1125 /* ModelController.m in Sources */,
				A59E01471C8EBAAB007A1125 /* main.m in Sources */,
				A59E014D1C8EBAAB007A1125 /* RootViewController.m in Sources */,
			);
			runOnlyForDeploymentPostprocessing = 0;
		};
		A5DA1D211C0055E700521A7E /* Sources */ = {
			isa = PBXSourcesBuildPhase;
			buildActionMask = 2147483647;
			files = (
				A5549DB01C005F0F0094F4CA /* MarkupParser.m in Sources */,
				A5DA1D2F1C0055E700521A7E /* ViewController.m in Sources */,
				A5549DB81C0086470094F4CA /* KSCTView.m in Sources */,
				A5DA1D2C1C0055E700521A7E /* AppDelegate.m in Sources */,
				A5DA1D291C0055E700521A7E /* main.m in Sources */,
				A5549DBB1C008B5D0094F4CA /* KSCTColumnView.m in Sources */,
			);
			runOnlyForDeploymentPostprocessing = 0;
		};
		A5EDFEAD1BC64F1E00376B71 /* Sources */ = {
			isa = PBXSourcesBuildPhase;
			buildActionMask = 2147483647;
			files = (
				A5EDFEBC1BC64F1E00376B71 /* ViewController.m in Sources */,
				A5EDFEB91BC64F1E00376B71 /* AppDelegate.m in Sources */,
				A5EDFEB61BC64F1E00376B71 /* main.m in Sources */,
			);
			runOnlyForDeploymentPostprocessing = 0;
		};
		A5EDFECB1BC64F6C00376B71 /* Sources */ = {
			isa = PBXSourcesBuildPhase;
			buildActionMask = 2147483647;
			files = (
				A5EDFED91BC64F6D00376B71 /* ViewController.m in Sources */,
				A5EDFED61BC64F6D00376B71 /* AppDelegate.m in Sources */,
				A5EDFED31BC64F6D00376B71 /* main.m in Sources */,
			);
			runOnlyForDeploymentPostprocessing = 0;
		};
/* End PBXSourcesBuildPhase section */

/* Begin PBXVariantGroup section */
		A5366B081C586DD30045559A /* Main.storyboard */ = {
			isa = PBXVariantGroup;
			children = (
				A5366B091C586DD30045559A /* Base */,
			);
			name = Main.storyboard;
			sourceTree = "<group>";
		};
		A5366B0D1C586DD30045559A /* LaunchScreen.storyboard */ = {
			isa = PBXVariantGroup;
			children = (
				A5366B0E1C586DD30045559A /* Base */,
			);
			name = LaunchScreen.storyboard;
			sourceTree = "<group>";
		};
		A553DE501C97BE6400B1A766 /* Main.storyboard */ = {
			isa = PBXVariantGroup;
			children = (
				A553DE511C97BE6400B1A766 /* Base */,
			);
			name = Main.storyboard;
			sourceTree = "<group>";
		};
		A553DE551C97BE6400B1A766 /* LaunchScreen.storyboard */ = {
			isa = PBXVariantGroup;
			children = (
				A553DE561C97BE6400B1A766 /* Base */,
			);
			name = LaunchScreen.storyboard;
			sourceTree = "<group>";
		};
		A57A5E8C1C056463006EFD85 /* Main.storyboard */ = {
			isa = PBXVariantGroup;
			children = (
				A57A5E8D1C056463006EFD85 /* Base */,
			);
			name = Main.storyboard;
			sourceTree = "<group>";
		};
		A57A5E911C056463006EFD85 /* LaunchScreen.storyboard */ = {
			isa = PBXVariantGroup;
			children = (
				A57A5E921C056463006EFD85 /* Base */,
			);
			name = LaunchScreen.storyboard;
			sourceTree = "<group>";
		};
		A58674DC1C328F6300C82358 /* Main.storyboard */ = {
			isa = PBXVariantGroup;
			children = (
				A58674DD1C328F6300C82358 /* Base */,
			);
			name = Main.storyboard;
			sourceTree = "<group>";
		};
		A58674E11C328F6300C82358 /* LaunchScreen.storyboard */ = {
			isa = PBXVariantGroup;
			children = (
				A58674E21C328F6300C82358 /* Base */,
			);
			name = LaunchScreen.storyboard;
			sourceTree = "<group>";
		};
		A59E01541C8EBAAB007A1125 /* Main.storyboard */ = {
			isa = PBXVariantGroup;
			children = (
				A59E01551C8EBAAB007A1125 /* Base */,
			);
			name = Main.storyboard;
			sourceTree = "<group>";
		};
		A59E01591C8EBAAB007A1125 /* LaunchScreen.storyboard */ = {
			isa = PBXVariantGroup;
			children = (
				A59E015A1C8EBAAB007A1125 /* Base */,
			);
			name = LaunchScreen.storyboard;
			sourceTree = "<group>";
		};
		A5DA1D301C0055E700521A7E /* Main.storyboard */ = {
			isa = PBXVariantGroup;
			children = (
				A5DA1D311C0055E700521A7E /* Base */,
			);
			name = Main.storyboard;
			sourceTree = "<group>";
		};
		A5DA1D351C0055E700521A7E /* LaunchScreen.storyboard */ = {
			isa = PBXVariantGroup;
			children = (
				A5DA1D361C0055E700521A7E /* Base */,
			);
			name = LaunchScreen.storyboard;
			sourceTree = "<group>";
		};
		A5EDFEBD1BC64F1E00376B71 /* Main.storyboard */ = {
			isa = PBXVariantGroup;
			children = (
				A5EDFEBE1BC64F1E00376B71 /* Base */,
			);
			name = Main.storyboard;
			sourceTree = "<group>";
		};
		A5EDFEC21BC64F1E00376B71 /* LaunchScreen.storyboard */ = {
			isa = PBXVariantGroup;
			children = (
				A5EDFEC31BC64F1E00376B71 /* Base */,
			);
			name = LaunchScreen.storyboard;
			sourceTree = "<group>";
		};
		A5EDFEDA1BC64F6D00376B71 /* Main.storyboard */ = {
			isa = PBXVariantGroup;
			children = (
				A5EDFEDB1BC64F6D00376B71 /* Base */,
			);
			name = Main.storyboard;
			sourceTree = "<group>";
		};
		A5EDFEDF1BC64F6D00376B71 /* LaunchScreen.storyboard */ = {
			isa = PBXVariantGroup;
			children = (
				A5EDFEE01BC64F6D00376B71 /* Base */,
			);
			name = LaunchScreen.storyboard;
			sourceTree = "<group>";
		};
/* End PBXVariantGroup section */

/* Begin XCBuildConfiguration section */
		A5366B111C586DD30045559A /* Debug */ = {
			isa = XCBuildConfiguration;
			buildSettings = {
				ASSETCATALOG_COMPILER_APPICON_NAME = AppIcon;
				INFOPLIST_FILE = Player/Info.plist;
				IPHONEOS_DEPLOYMENT_TARGET = 9.2;
				LD_RUNPATH_SEARCH_PATHS = "$(inherited) @executable_path/Frameworks";
				PRODUCT_BUNDLE_IDENTIFIER = com.kingsoft.zeek.Player;
				PRODUCT_NAME = "$(TARGET_NAME)";
			};
			name = Debug;
		};
		A5366B121C586DD30045559A /* Release */ = {
			isa = XCBuildConfiguration;
			buildSettings = {
				ASSETCATALOG_COMPILER_APPICON_NAME = AppIcon;
				INFOPLIST_FILE = Player/Info.plist;
				IPHONEOS_DEPLOYMENT_TARGET = 9.2;
				LD_RUNPATH_SEARCH_PATHS = "$(inherited) @executable_path/Frameworks";
				PRODUCT_BUNDLE_IDENTIFIER = com.kingsoft.zeek.Player;
				PRODUCT_NAME = "$(TARGET_NAME)";
			};
			name = Release;
		};
		A553DE5A1C97BE6400B1A766 /* Debug */ = {
			isa = XCBuildConfiguration;
			buildSettings = {
				ASSETCATALOG_COMPILER_APPICON_NAME = AppIcon;
				CODE_SIGN_IDENTITY = "iPhone Developer";
				INFOPLIST_FILE = ADShow/Info.plist;
				IPHONEOS_DEPLOYMENT_TARGET = 7.0;
				LD_RUNPATH_SEARCH_PATHS = "$(inherited) @executable_path/Frameworks";
				PRODUCT_BUNDLE_IDENTIFIER = com.kingsoft.zeek.ADShow;
				PRODUCT_NAME = "$(TARGET_NAME)";
			};
			name = Debug;
		};
		A553DE5B1C97BE6400B1A766 /* Release */ = {
			isa = XCBuildConfiguration;
			buildSettings = {
				ASSETCATALOG_COMPILER_APPICON_NAME = AppIcon;
				CODE_SIGN_IDENTITY = "iPhone Developer";
				INFOPLIST_FILE = ADShow/Info.plist;
				IPHONEOS_DEPLOYMENT_TARGET = 7.0;
				LD_RUNPATH_SEARCH_PATHS = "$(inherited) @executable_path/Frameworks";
				PRODUCT_BUNDLE_IDENTIFIER = com.kingsoft.zeek.ADShow;
				PRODUCT_NAME = "$(TARGET_NAME)";
			};
			name = Release;
		};
		A57A5E951C056463006EFD85 /* Debug */ = {
			isa = XCBuildConfiguration;
			buildSettings = {
				ASSETCATALOG_COMPILER_APPICON_NAME = AppIcon;
				INFOPLIST_FILE = RegularExpression/Info.plist;
				IPHONEOS_DEPLOYMENT_TARGET = 9.1;
				LD_RUNPATH_SEARCH_PATHS = "$(inherited) @executable_path/Frameworks";
				PRODUCT_BUNDLE_IDENTIFIER = com.kingsoft.zeek.RegularExpression;
				PRODUCT_NAME = "$(TARGET_NAME)";
			};
			name = Debug;
		};
		A57A5E961C056463006EFD85 /* Release */ = {
			isa = XCBuildConfiguration;
			buildSettings = {
				ASSETCATALOG_COMPILER_APPICON_NAME = AppIcon;
				INFOPLIST_FILE = RegularExpression/Info.plist;
				IPHONEOS_DEPLOYMENT_TARGET = 9.1;
				LD_RUNPATH_SEARCH_PATHS = "$(inherited) @executable_path/Frameworks";
				PRODUCT_BUNDLE_IDENTIFIER = com.kingsoft.zeek.RegularExpression;
				PRODUCT_NAME = "$(TARGET_NAME)";
			};
			name = Release;
		};
		A58674E51C328F6300C82358 /* Debug */ = {
			isa = XCBuildConfiguration;
			baseConfigurationReference = D6A3C10FDB5825D3A1EF27FB /* Pods-BackgroundWithNetworking.debug.xcconfig */;
			buildSettings = {
				ASSETCATALOG_COMPILER_APPICON_NAME = AppIcon;
				INFOPLIST_FILE = BackgroundWithNetworking/Info.plist;
				IPHONEOS_DEPLOYMENT_TARGET = 9.2;
				LD_RUNPATH_SEARCH_PATHS = "$(inherited) @executable_path/Frameworks";
				PRODUCT_BUNDLE_IDENTIFIER = com.kingsoft.zeek.BackgroundWithNetworking;
				PRODUCT_NAME = "$(TARGET_NAME)";
			};
			name = Debug;
		};
		A58674E61C328F6300C82358 /* Release */ = {
			isa = XCBuildConfiguration;
			baseConfigurationReference = 473DAACB461C0B379D27985F /* Pods-BackgroundWithNetworking.release.xcconfig */;
			buildSettings = {
				ASSETCATALOG_COMPILER_APPICON_NAME = AppIcon;
				INFOPLIST_FILE = BackgroundWithNetworking/Info.plist;
				IPHONEOS_DEPLOYMENT_TARGET = 9.2;
				LD_RUNPATH_SEARCH_PATHS = "$(inherited) @executable_path/Frameworks";
				PRODUCT_BUNDLE_IDENTIFIER = com.kingsoft.zeek.BackgroundWithNetworking;
				PRODUCT_NAME = "$(TARGET_NAME)";
			};
			name = Release;
		};
		A59E015E1C8EBAAB007A1125 /* Debug */ = {
			isa = XCBuildConfiguration;
			buildSettings = {
				ASSETCATALOG_COMPILER_APPICON_NAME = AppIcon;
				CODE_SIGN_IDENTITY = "iPhone Developer";
				"CODE_SIGN_IDENTITY[sdk=iphoneos*]" = "iPhone Developer";
				INFOPLIST_FILE = PageViewController/Info.plist;
				IPHONEOS_DEPLOYMENT_TARGET = 7.0;
				LD_RUNPATH_SEARCH_PATHS = "$(inherited) @executable_path/Frameworks";
				PRODUCT_BUNDLE_IDENTIFIER = com.kingsoft.zeek.PageViewController;
				PRODUCT_NAME = "$(TARGET_NAME)";
				PROVISIONING_PROFILE = "";
			};
			name = Debug;
		};
		A59E015F1C8EBAAB007A1125 /* Release */ = {
			isa = XCBuildConfiguration;
			buildSettings = {
				ASSETCATALOG_COMPILER_APPICON_NAME = AppIcon;
				CODE_SIGN_IDENTITY = "iPhone Developer";
				"CODE_SIGN_IDENTITY[sdk=iphoneos*]" = "iPhone Developer";
				INFOPLIST_FILE = PageViewController/Info.plist;
				IPHONEOS_DEPLOYMENT_TARGET = 7.0;
				LD_RUNPATH_SEARCH_PATHS = "$(inherited) @executable_path/Frameworks";
				PRODUCT_BUNDLE_IDENTIFIER = com.kingsoft.zeek.PageViewController;
				PRODUCT_NAME = "$(TARGET_NAME)";
				PROVISIONING_PROFILE = "";
			};
			name = Release;
		};
		A5DA1D391C0055E700521A7E /* Debug */ = {
			isa = XCBuildConfiguration;
			buildSettings = {
				ASSETCATALOG_COMPILER_APPICON_NAME = AppIcon;
				GCC_INCREASE_PRECOMPILED_HEADER_SHARING = YES;
				GCC_PRECOMPILE_PREFIX_HEADER = YES;
				GCC_PREFIX_HEADER = "CoreTextMagazine/$(PRODUCT_NAME)-Prefix.pch";
				INFOPLIST_FILE = CoreTextMagazine/Info.plist;
				IPHONEOS_DEPLOYMENT_TARGET = 9.1;
				LD_RUNPATH_SEARCH_PATHS = "$(inherited) @executable_path/Frameworks";
				PRODUCT_BUNDLE_IDENTIFIER = com.kingsoft.zeek.CoreTextMagazine;
				PRODUCT_NAME = "$(TARGET_NAME)";
			};
			name = Debug;
		};
		A5DA1D3A1C0055E700521A7E /* Release */ = {
			isa = XCBuildConfiguration;
			buildSettings = {
				ASSETCATALOG_COMPILER_APPICON_NAME = AppIcon;
				GCC_INCREASE_PRECOMPILED_HEADER_SHARING = YES;
				GCC_PRECOMPILE_PREFIX_HEADER = YES;
				GCC_PREFIX_HEADER = "CoreTextMagazine/$(PRODUCT_NAME)-Prefix.pch";
				INFOPLIST_FILE = CoreTextMagazine/Info.plist;
				IPHONEOS_DEPLOYMENT_TARGET = 9.1;
				LD_RUNPATH_SEARCH_PATHS = "$(inherited) @executable_path/Frameworks";
				PRODUCT_BUNDLE_IDENTIFIER = com.kingsoft.zeek.CoreTextMagazine;
				PRODUCT_NAME = "$(TARGET_NAME)";
			};
			name = Release;
		};
		A5EDFEC61BC64F1E00376B71 /* Debug */ = {
			isa = XCBuildConfiguration;
			buildSettings = {
				ALWAYS_SEARCH_USER_PATHS = NO;
				CLANG_CXX_LANGUAGE_STANDARD = "gnu++0x";
				CLANG_CXX_LIBRARY = "libc++";
				CLANG_ENABLE_MODULES = YES;
				CLANG_ENABLE_OBJC_ARC = YES;
				CLANG_WARN_BOOL_CONVERSION = YES;
				CLANG_WARN_CONSTANT_CONVERSION = YES;
				CLANG_WARN_DIRECT_OBJC_ISA_USAGE = YES_ERROR;
				CLANG_WARN_EMPTY_BODY = YES;
				CLANG_WARN_ENUM_CONVERSION = YES;
				CLANG_WARN_INT_CONVERSION = YES;
				CLANG_WARN_OBJC_ROOT_CLASS = YES_ERROR;
				CLANG_WARN_UNREACHABLE_CODE = YES;
				CLANG_WARN__DUPLICATE_METHOD_MATCH = YES;
				"CODE_SIGN_IDENTITY[sdk=iphoneos*]" = "iPhone Developer";
				COPY_PHASE_STRIP = NO;
				DEBUG_INFORMATION_FORMAT = dwarf;
				ENABLE_STRICT_OBJC_MSGSEND = YES;
				ENABLE_TESTABILITY = YES;
				GCC_C_LANGUAGE_STANDARD = gnu99;
				GCC_DYNAMIC_NO_PIC = NO;
				GCC_NO_COMMON_BLOCKS = YES;
				GCC_OPTIMIZATION_LEVEL = 0;
				GCC_PREPROCESSOR_DEFINITIONS = (
					"DEBUG=1",
					"$(inherited)",
				);
				GCC_WARN_64_TO_32_BIT_CONVERSION = YES;
				GCC_WARN_ABOUT_RETURN_TYPE = YES_ERROR;
				GCC_WARN_UNDECLARED_SELECTOR = YES;
				GCC_WARN_UNINITIALIZED_AUTOS = YES_AGGRESSIVE;
				GCC_WARN_UNUSED_FUNCTION = YES;
				GCC_WARN_UNUSED_VARIABLE = YES;
				IPHONEOS_DEPLOYMENT_TARGET = 9.0;
				MTL_ENABLE_DEBUG_INFO = YES;
				ONLY_ACTIVE_ARCH = YES;
				SDKROOT = iphoneos;
				TARGETED_DEVICE_FAMILY = "1,2";
			};
			name = Debug;
		};
		A5EDFEC71BC64F1E00376B71 /* Release */ = {
			isa = XCBuildConfiguration;
			buildSettings = {
				ALWAYS_SEARCH_USER_PATHS = NO;
				CLANG_CXX_LANGUAGE_STANDARD = "gnu++0x";
				CLANG_CXX_LIBRARY = "libc++";
				CLANG_ENABLE_MODULES = YES;
				CLANG_ENABLE_OBJC_ARC = YES;
				CLANG_WARN_BOOL_CONVERSION = YES;
				CLANG_WARN_CONSTANT_CONVERSION = YES;
				CLANG_WARN_DIRECT_OBJC_ISA_USAGE = YES_ERROR;
				CLANG_WARN_EMPTY_BODY = YES;
				CLANG_WARN_ENUM_CONVERSION = YES;
				CLANG_WARN_INT_CONVERSION = YES;
				CLANG_WARN_OBJC_ROOT_CLASS = YES_ERROR;
				CLANG_WARN_UNREACHABLE_CODE = YES;
				CLANG_WARN__DUPLICATE_METHOD_MATCH = YES;
				"CODE_SIGN_IDENTITY[sdk=iphoneos*]" = "iPhone Developer";
				COPY_PHASE_STRIP = NO;
				DEBUG_INFORMATION_FORMAT = "dwarf-with-dsym";
				ENABLE_NS_ASSERTIONS = NO;
				ENABLE_STRICT_OBJC_MSGSEND = YES;
				GCC_C_LANGUAGE_STANDARD = gnu99;
				GCC_NO_COMMON_BLOCKS = YES;
				GCC_WARN_64_TO_32_BIT_CONVERSION = YES;
				GCC_WARN_ABOUT_RETURN_TYPE = YES_ERROR;
				GCC_WARN_UNDECLARED_SELECTOR = YES;
				GCC_WARN_UNINITIALIZED_AUTOS = YES_AGGRESSIVE;
				GCC_WARN_UNUSED_FUNCTION = YES;
				GCC_WARN_UNUSED_VARIABLE = YES;
				IPHONEOS_DEPLOYMENT_TARGET = 9.0;
				MTL_ENABLE_DEBUG_INFO = NO;
				SDKROOT = iphoneos;
				TARGETED_DEVICE_FAMILY = "1,2";
				VALIDATE_PRODUCT = YES;
			};
			name = Release;
		};
		A5EDFEC91BC64F1E00376B71 /* Debug */ = {
			isa = XCBuildConfiguration;
			buildSettings = {
				ASSETCATALOG_COMPILER_APPICON_NAME = AppIcon;
				INFOPLIST_FILE = Test/Info.plist;
				LD_RUNPATH_SEARCH_PATHS = "$(inherited) @executable_path/Frameworks";
				PRODUCT_BUNDLE_IDENTIFIER = com.kingsoft.zeek.Test;
				PRODUCT_NAME = "$(TARGET_NAME)";
			};
			name = Debug;
		};
		A5EDFECA1BC64F1E00376B71 /* Release */ = {
			isa = XCBuildConfiguration;
			buildSettings = {
				ASSETCATALOG_COMPILER_APPICON_NAME = AppIcon;
				INFOPLIST_FILE = Test/Info.plist;
				LD_RUNPATH_SEARCH_PATHS = "$(inherited) @executable_path/Frameworks";
				PRODUCT_BUNDLE_IDENTIFIER = com.kingsoft.zeek.Test;
				PRODUCT_NAME = "$(TARGET_NAME)";
			};
			name = Release;
		};
		A5EDFEE41BC64F6D00376B71 /* Debug */ = {
			isa = XCBuildConfiguration;
			buildSettings = {
				ASSETCATALOG_COMPILER_APPICON_NAME = AppIcon;
				INFOPLIST_FILE = Timer/Info.plist;
				LD_RUNPATH_SEARCH_PATHS = "$(inherited) @executable_path/Frameworks";
				PRODUCT_BUNDLE_IDENTIFIER = com.kingsoft.zeek.Timer;
				PRODUCT_NAME = "$(TARGET_NAME)";
			};
			name = Debug;
		};
		A5EDFEE51BC64F6D00376B71 /* Release */ = {
			isa = XCBuildConfiguration;
			buildSettings = {
				ASSETCATALOG_COMPILER_APPICON_NAME = AppIcon;
				INFOPLIST_FILE = Timer/Info.plist;
				LD_RUNPATH_SEARCH_PATHS = "$(inherited) @executable_path/Frameworks";
				PRODUCT_BUNDLE_IDENTIFIER = com.kingsoft.zeek.Timer;
				PRODUCT_NAME = "$(TARGET_NAME)";
			};
			name = Release;
		};
/* End XCBuildConfiguration section */

/* Begin XCConfigurationList section */
		A5366B131C586DD30045559A /* Build configuration list for PBXNativeTarget "Player" */ = {
			isa = XCConfigurationList;
			buildConfigurations = (
				A5366B111C586DD30045559A /* Debug */,
				A5366B121C586DD30045559A /* Release */,
			);
			defaultConfigurationIsVisible = 0;
			defaultConfigurationName = Release;
		};
		A553DE591C97BE6400B1A766 /* Build configuration list for PBXNativeTarget "ADShow" */ = {
			isa = XCConfigurationList;
			buildConfigurations = (
				A553DE5A1C97BE6400B1A766 /* Debug */,
				A553DE5B1C97BE6400B1A766 /* Release */,
			);
			defaultConfigurationIsVisible = 0;
			defaultConfigurationName = Release;
		};
		A57A5E971C056463006EFD85 /* Build configuration list for PBXNativeTarget "RegularExpression" */ = {
			isa = XCConfigurationList;
			buildConfigurations = (
				A57A5E951C056463006EFD85 /* Debug */,
				A57A5E961C056463006EFD85 /* Release */,
			);
			defaultConfigurationIsVisible = 0;
			defaultConfigurationName = Release;
		};
		A58674E71C328F6300C82358 /* Build configuration list for PBXNativeTarget "BackgroundWithNetworking" */ = {
			isa = XCConfigurationList;
			buildConfigurations = (
				A58674E51C328F6300C82358 /* Debug */,
				A58674E61C328F6300C82358 /* Release */,
			);
			defaultConfigurationIsVisible = 0;
			defaultConfigurationName = Release;
		};
		A59E015D1C8EBAAB007A1125 /* Build configuration list for PBXNativeTarget "PageViewController" */ = {
			isa = XCConfigurationList;
			buildConfigurations = (
				A59E015E1C8EBAAB007A1125 /* Debug */,
				A59E015F1C8EBAAB007A1125 /* Release */,
			);
			defaultConfigurationIsVisible = 0;
			defaultConfigurationName = Release;
		};
		A5DA1D3B1C0055E700521A7E /* Build configuration list for PBXNativeTarget "CoreTextMagazine" */ = {
			isa = XCConfigurationList;
			buildConfigurations = (
				A5DA1D391C0055E700521A7E /* Debug */,
				A5DA1D3A1C0055E700521A7E /* Release */,
			);
			defaultConfigurationIsVisible = 0;
			defaultConfigurationName = Release;
		};
		A5EDFEAC1BC64F1E00376B71 /* Build configuration list for PBXProject "Test" */ = {
			isa = XCConfigurationList;
			buildConfigurations = (
				A5EDFEC61BC64F1E00376B71 /* Debug */,
				A5EDFEC71BC64F1E00376B71 /* Release */,
			);
			defaultConfigurationIsVisible = 0;
			defaultConfigurationName = Release;
		};
		A5EDFEC81BC64F1E00376B71 /* Build configuration list for PBXNativeTarget "Test" */ = {
			isa = XCConfigurationList;
			buildConfigurations = (
				A5EDFEC91BC64F1E00376B71 /* Debug */,
				A5EDFECA1BC64F1E00376B71 /* Release */,
			);
			defaultConfigurationIsVisible = 0;
			defaultConfigurationName = Release;
		};
		A5EDFEE31BC64F6D00376B71 /* Build configuration list for PBXNativeTarget "Timer" */ = {
			isa = XCConfigurationList;
			buildConfigurations = (
				A5EDFEE41BC64F6D00376B71 /* Debug */,
				A5EDFEE51BC64F6D00376B71 /* Release */,
			);
			defaultConfigurationIsVisible = 0;
			defaultConfigurationName = Release;
		};
/* End XCConfigurationList section */
	};
	rootObject = A5EDFEA91BC64F1E00376B71 /* Project object */;
}
